
Microsoft Visual Studio Solution File, Format Version 12.00
# Visual Studio Version 17
VisualStudioVersion = 17.4.33110.190
MinimumVisualStudioVersion = 10.0.40219.1
Project("{FAE04EC0-301F-11D3-BF4B-00C04F79EFBC}") = "Rectangle", "Rectangle\Rectangle.csproj", "{CD1613E0-B1C7-4475-83B0-DDD4AD434177}"
EndProject
Global
	GlobalSection(SolutionConfigurationPlatforms) = preSolution
		Debug|Any CPU = Debug|Any CPU
		Release|Any CPU = Release|Any CPU
	EndGlobalSection
	GlobalSection(ProjectConfigurationPlatforms) = postSolution
		{CD1613E0-B1C7-4475-83B0-DDD4AD434177}.Debug|Any CPU.ActiveCfg = Debug|Any CPU
		{CD1613E0-B1C7-4475-83B0-DDD4AD434177}.Debug|Any CPU.Build.0 = Debug|Any CPU
		{CD1613E0-B1C7-4475-83B0-DDD4AD434177}.Release|Any CPU.ActiveCfg = Release|Any CPU
		{CD1613E0-B1C7-4475-83B0-DDD4AD434177}.Release|Any CPU.Build.0 = Release|Any CPU
	EndGlobalSection
	GlobalSection(SolutionProperties) = preSolution
		HideSolutionNode = FALSE
	EndGlobalSection
	GlobalSection(ExtensibilityGlobals) = postSolution
		SolutionGuid = {E36E763D-F97A-4794-AFA7-2AB23BF2BE38}
	EndGlobalSection
EndGlobal
