
Microsoft Visual Studio Solution File, Format Version 12.00
# Visual Studio Version 17
VisualStudioVersion = 17.3.32929.385
MinimumVisualStudioVersion = 10.0.40219.1
Project("{FAE04EC0-301F-11D3-BF4B-00C04F79EFBC}") = "ArrayClass", "ArrayClass\ArrayClass.csproj", "{C0B0DE21-0885-4211-81D8-F77EF3752365}"
EndProject
Global
	GlobalSection(SolutionConfigurationPlatforms) = preSolution
		Debug|Any CPU = Debug|Any CPU
		Release|Any CPU = Release|Any CPU
	EndGlobalSection
	GlobalSection(ProjectConfigurationPlatforms) = postSolution
		{C0B0DE21-0885-4211-81D8-F77EF3752365}.Debug|Any CPU.ActiveCfg = Debug|Any CPU
		{C0B0DE21-0885-4211-81D8-F77EF3752365}.Debug|Any CPU.Build.0 = Debug|Any CPU
		{C0B0DE21-0885-4211-81D8-F77EF3752365}.Release|Any CPU.ActiveCfg = Release|Any CPU
		{C0B0DE21-0885-4211-81D8-F77EF3752365}.Release|Any CPU.Build.0 = Release|Any CPU
	EndGlobalSection
	GlobalSection(SolutionProperties) = preSolution
		HideSolutionNode = FALSE
	EndGlobalSection
	GlobalSection(ExtensibilityGlobals) = postSolution
		SolutionGuid = {739C29A9-18EC-4C08-BBF1-6673523BC72D}
	EndGlobalSection
EndGlobal
